
Microsoft Visual Studio Solution File, Format Version 12.00
# Visual Studio Version 17
VisualStudioVersion = 17.9.34616.47
MinimumVisualStudioVersion = 10.0.40219.1
Project("{FAE04EC0-301F-11D3-BF4B-00C04F79EFBC}") = "GUI", "GUI.csproj", "{0C76494E-9B86-4529-B9F3-9D9D79CB991F}"
EndProject
Project("{FAE04EC0-301F-11D3-BF4B-00C04F79EFBC}") = "DAL", "..\DAL\DAL.csproj", "{FA52A087-52E5-48CC-A5A2-A6E2585C3FA5}"
EndProject
Project("{FAE04EC0-301F-11D3-BF4B-00C04F79EFBC}") = "BLL", "..\BLL\BLL.csproj", "{3B3A7ED2-6097-478F-A313-FB7AA7F43174}"
EndProject
Project("{FAE04EC0-301F-11D3-BF4B-00C04F79EFBC}") = "DTO", "..\DTO\DTO.csproj", "{3E7B49E7-AB52-4AE9-ADB2-AE2D29EE7DD6}"
EndProject
Global
	GlobalSection(SolutionConfigurationPlatforms) = preSolution
		Debug|Any CPU = Debug|Any CPU
		Release|Any CPU = Release|Any CPU
	EndGlobalSection
	GlobalSection(ProjectConfigurationPlatforms) = postSolution
		{0C76494E-9B86-4529-B9F3-9D9D79CB991F}.Debug|Any CPU.ActiveCfg = Debug|Any CPU
		{0C76494E-9B86-4529-B9F3-9D9D79CB991F}.Debug|Any CPU.Build.0 = Debug|Any CPU
		{0C76494E-9B86-4529-B9F3-9D9D79CB991F}.Release|Any CPU.ActiveCfg = Release|Any CPU
		{0C76494E-9B86-4529-B9F3-9D9D79CB991F}.Release|Any CPU.Build.0 = Release|Any CPU
		{FA52A087-52E5-48CC-A5A2-A6E2585C3FA5}.Debug|Any CPU.ActiveCfg = Debug|Any CPU
		{FA52A087-52E5-48CC-A5A2-A6E2585C3FA5}.Debug|Any CPU.Build.0 = Debug|Any CPU
		{FA52A087-52E5-48CC-A5A2-A6E2585C3FA5}.Release|Any CPU.ActiveCfg = Release|Any CPU
		{FA52A087-52E5-48CC-A5A2-A6E2585C3FA5}.Release|Any CPU.Build.0 = Release|Any CPU
		{3B3A7ED2-6097-478F-A313-FB7AA7F43174}.Debug|Any CPU.ActiveCfg = Debug|Any CPU
		{3B3A7ED2-6097-478F-A313-FB7AA7F43174}.Debug|Any CPU.Build.0 = Debug|Any CPU
		{3B3A7ED2-6097-478F-A313-FB7AA7F43174}.Release|Any CPU.ActiveCfg = Release|Any CPU
		{3B3A7ED2-6097-478F-A313-FB7AA7F43174}.Release|Any CPU.Build.0 = Release|Any CPU
		{3E7B49E7-AB52-4AE9-ADB2-AE2D29EE7DD6}.Debug|Any CPU.ActiveCfg = Debug|Any CPU
		{3E7B49E7-AB52-4AE9-ADB2-AE2D29EE7DD6}.Debug|Any CPU.Build.0 = Debug|Any CPU
		{3E7B49E7-AB52-4AE9-ADB2-AE2D29EE7DD6}.Release|Any CPU.ActiveCfg = Release|Any CPU
		{3E7B49E7-AB52-4AE9-ADB2-AE2D29EE7DD6}.Release|Any CPU.Build.0 = Release|Any CPU
	EndGlobalSection
	GlobalSection(SolutionProperties) = preSolution
		HideSolutionNode = FALSE
	EndGlobalSection
	GlobalSection(ExtensibilityGlobals) = postSolution
		SolutionGuid = {7976BDE3-5994-4D08-B4A9-962614D281CC}
	EndGlobalSection
EndGlobal
